{
  "version": 4,
  "terraform_version": "0.12.25",
  "serial": 33,
  "lineage": "72b6c37b-a1ff-28d2-4f09-cd97d9ba92c1",
  "outputs": {},
  "resources": [
    {
      "mode": "managed",
      "type": "aws_eip",
      "name": "nat-eip",
      "provider": "provider.aws",
      "instances": [
        {
          "schema_version": 0,
          "attributes": {
            "allocation_id": null,
            "associate_with_private_ip": null,
            "association_id": "eipassoc-04514949eccb60cec",
            "customer_owned_ip": "",
            "customer_owned_ipv4_pool": "",
            "domain": "vpc",
            "id": "eipalloc-0a8e86537fd05c41d",
            "instance": "",
            "network_interface": "eni-031c13f86aacbe51b",
            "private_dns": "ip-10-0-1-65.eu-west-1.compute.internal",
            "private_ip": "10.0.1.65",
            "public_dns": "ec2-63-32-244-126.eu-west-1.compute.amazonaws.com",
            "public_ip": "63.32.244.126",
            "public_ipv4_pool": "amazon",
            "tags": {},
            "timeouts": null,
            "vpc": true
          },
          "private": "eyJlMmJmYjczMC1lY2FhLTExZTYtOGY4OC0zNDM2M2JjN2M0YzAiOnsiZGVsZXRlIjoxODAwMDAwMDAwMDAsInJlYWQiOjkwMDAwMDAwMDAwMCwidXBkYXRlIjozMDAwMDAwMDAwMDB9fQ=="
        }
      ]
    },
    {
      "mode": "managed",
      "type": "aws_internet_gateway",
      "name": "terraform-IGW",
      "provider": "provider.aws",
      "instances": [
        {
          "schema_version": 0,
          "attributes": {
            "id": "igw-0b7c958609e9a931c",
            "owner_id": "993633129639",
            "tags": {
              "Name": "terraform-IGW"
            },
            "vpc_id": "vpc-0f162752ee2911b30"
          },
          "private": "bnVsbA==",
          "dependencies": [
            "aws_vpc.terraform-vpc"
          ]
        }
      ]
    },
    {
      "mode": "managed",
      "type": "aws_nat_gateway",
      "name": "NAT-gateway",
      "provider": "provider.aws",
      "instances": [
        {
          "schema_version": 0,
          "attributes": {
            "allocation_id": "eipalloc-0a8e86537fd05c41d",
            "id": "nat-0e2bf8d23b117b7c7",
            "network_interface_id": "eni-031c13f86aacbe51b",
            "private_ip": "10.0.1.65",
            "public_ip": "63.32.244.126",
            "subnet_id": "subnet-0b35e5e4a13bebf9d",
            "tags": {
              "Name": "NAT-gateway"
            }
          },
          "private": "bnVsbA==",
          "dependencies": [
            "aws_eip.nat-eip",
            "aws_internet_gateway.terraform-IGW",
            "aws_subnet.public-subnet-1"
          ]
        }
      ]
    },
    {
      "mode": "managed",
      "type": "aws_route_table",
      "name": "Public-route",
      "provider": "provider.aws",
      "instances": [
        {
          "schema_version": 0,
          "attributes": {
            "id": "rtb-0c9320340bb5b2c26",
            "owner_id": "993633129639",
            "propagating_vgws": [],
            "route": [
              {
                "cidr_block": "0.0.0.0/0",
                "egress_only_gateway_id": "",
                "gateway_id": "igw-0b7c958609e9a931c",
                "instance_id": "",
                "ipv6_cidr_block": "",
                "nat_gateway_id": "",
                "network_interface_id": "",
                "transit_gateway_id": "",
                "vpc_peering_connection_id": ""
              }
            ],
            "tags": {
              "Name": "Public-route"
            },
            "vpc_id": "vpc-0f162752ee2911b30"
          },
          "private": "bnVsbA==",
          "dependencies": [
            "aws_internet_gateway.terraform-IGW",
            "aws_vpc.terraform-vpc"
          ]
        }
      ]
    },
    {
      "mode": "managed",
      "type": "aws_route_table",
      "name": "private-route",
      "provider": "provider.aws",
      "instances": [
        {
          "schema_version": 0,
          "attributes": {
            "id": "rtb-080b8e5ba1e386cf7",
            "owner_id": "993633129639",
            "propagating_vgws": [],
            "route": [
              {
                "cidr_block": "0.0.0.0/0",
                "egress_only_gateway_id": "",
                "gateway_id": "nat-0e2bf8d23b117b7c7",
                "instance_id": "",
                "ipv6_cidr_block": "",
                "nat_gateway_id": "",
                "network_interface_id": "",
                "transit_gateway_id": "",
                "vpc_peering_connection_id": ""
              }
            ],
            "tags": {
              "Name": "private-route"
            },
            "vpc_id": "vpc-0f162752ee2911b30"
          },
          "private": "bnVsbA==",
          "dependencies": [
            "aws_nat_gateway.NAT-gateway",
            "aws_vpc.terraform-vpc"
          ]
        }
      ]
    },
    {
      "mode": "managed",
      "type": "aws_route_table_association",
      "name": "private-subnet-route-1",
      "provider": "provider.aws",
      "instances": [
        {
          "schema_version": 0,
          "attributes": {
            "gateway_id": null,
            "id": "rtbassoc-00743ff2f5308df9a",
            "route_table_id": "rtb-080b8e5ba1e386cf7",
            "subnet_id": "subnet-0bc9f22d11ba21601"
          },
          "private": "bnVsbA==",
          "dependencies": [
            "aws_eip.nat-eip",
            "aws_internet_gateway.terraform-IGW",
            "aws_nat_gateway.NAT-gateway",
            "aws_route_table.private-route",
            "aws_subnet.private-subnet-1",
            "aws_subnet.public-subnet-1",
            "aws_vpc.terraform-vpc"
          ]
        }
      ]
    },
    {
      "mode": "managed",
      "type": "aws_route_table_association",
      "name": "private-subnet-route-2",
      "provider": "provider.aws",
      "instances": [
        {
          "schema_version": 0,
          "attributes": {
            "gateway_id": null,
            "id": "rtbassoc-0ac70611c45ce511c",
            "route_table_id": "rtb-080b8e5ba1e386cf7",
            "subnet_id": "subnet-0442ee4aeb636e592"
          },
          "private": "bnVsbA==",
          "dependencies": [
            "aws_eip.nat-eip",
            "aws_internet_gateway.terraform-IGW",
            "aws_nat_gateway.NAT-gateway",
            "aws_route_table.private-route",
            "aws_subnet.private-subnet-2",
            "aws_subnet.public-subnet-1",
            "aws_vpc.terraform-vpc"
          ]
        }
      ]
    },
    {
      "mode": "managed",
      "type": "aws_route_table_association",
      "name": "private-subnet-route-3",
      "provider": "provider.aws",
      "instances": [
        {
          "schema_version": 0,
          "attributes": {
            "gateway_id": null,
            "id": "rtbassoc-0a80d61410a455159",
            "route_table_id": "rtb-080b8e5ba1e386cf7",
            "subnet_id": "subnet-0361ea28fe443c7d3"
          },
          "private": "bnVsbA==",
          "dependencies": [
            "aws_eip.nat-eip",
            "aws_internet_gateway.terraform-IGW",
            "aws_nat_gateway.NAT-gateway",
            "aws_route_table.private-route",
            "aws_subnet.private-subnet-3",
            "aws_subnet.public-subnet-1",
            "aws_vpc.terraform-vpc"
          ]
        }
      ]
    },
    {
      "mode": "managed",
      "type": "aws_route_table_association",
      "name": "public-subnet-1-route",
      "provider": "provider.aws",
      "instances": [
        {
          "schema_version": 0,
          "attributes": {
            "gateway_id": null,
            "id": "rtbassoc-0b90230eeede9a9e4",
            "route_table_id": "rtb-0c9320340bb5b2c26",
            "subnet_id": "subnet-0b35e5e4a13bebf9d"
          },
          "private": "bnVsbA==",
          "dependencies": [
            "aws_internet_gateway.terraform-IGW",
            "aws_route_table.Public-route",
            "aws_subnet.public-subnet-1",
            "aws_vpc.terraform-vpc"
          ]
        }
      ]
    },
    {
      "mode": "managed",
      "type": "aws_route_table_association",
      "name": "public-subnet-2-route",
      "provider": "provider.aws",
      "instances": [
        {
          "schema_version": 0,
          "attributes": {
            "gateway_id": null,
            "id": "rtbassoc-0bb46606303a50b2e",
            "route_table_id": "rtb-0c9320340bb5b2c26",
            "subnet_id": "subnet-0a87ab6ecbaaa7720"
          },
          "private": "bnVsbA==",
          "dependencies": [
            "aws_internet_gateway.terraform-IGW",
            "aws_route_table.Public-route",
            "aws_subnet.public-subnet-2",
            "aws_vpc.terraform-vpc"
          ]
        }
      ]
    },
    {
      "mode": "managed",
      "type": "aws_route_table_association",
      "name": "public-subnet-3-route",
      "provider": "provider.aws",
      "instances": [
        {
          "schema_version": 0,
          "attributes": {
            "gateway_id": null,
            "id": "rtbassoc-0c254cf2bb14306b7",
            "route_table_id": "rtb-0c9320340bb5b2c26",
            "subnet_id": "subnet-0d5814e3eb67099a6"
          },
          "private": "bnVsbA==",
          "dependencies": [
            "aws_internet_gateway.terraform-IGW",
            "aws_route_table.Public-route",
            "aws_subnet.public-subnet-3",
            "aws_vpc.terraform-vpc"
          ]
        }
      ]
    },
    {
      "mode": "managed",
      "type": "aws_security_group",
      "name": "terraform-SG",
      "provider": "provider.aws",
      "instances": [
        {
          "schema_version": 1,
          "attributes": {
            "arn": "arn:aws:ec2:eu-west-1:993633129639:security-group/sg-0012f2eb92ea7ea3a",
            "description": "This is to allow the ssh access to the instance",
            "egress": [
              {
                "cidr_blocks": [
                  "0.0.0.0/0"
                ],
                "description": "",
                "from_port": 0,
                "ipv6_cidr_blocks": [],
                "prefix_list_ids": [],
                "protocol": "-1",
                "security_groups": [],
                "self": false,
                "to_port": 0
              }
            ],
            "id": "sg-0012f2eb92ea7ea3a",
            "ingress": [
              {
                "cidr_blocks": [
                  "0.0.0.0/0"
                ],
                "description": "",
                "from_port": 22,
                "ipv6_cidr_blocks": [],
                "prefix_list_ids": [],
                "protocol": "tcp",
                "security_groups": [],
                "self": false,
                "to_port": 22
              }
            ],
            "name": "allow ssh access",
            "name_prefix": null,
            "owner_id": "993633129639",
            "revoke_rules_on_delete": false,
            "tags": {
              "Name": "terraform-SG"
            },
            "timeouts": null,
            "vpc_id": "vpc-0f162752ee2911b30"
          },
          "private": "eyJlMmJmYjczMC1lY2FhLTExZTYtOGY4OC0zNDM2M2JjN2M0YzAiOnsiY3JlYXRlIjo2MDAwMDAwMDAwMDAsImRlbGV0ZSI6NjAwMDAwMDAwMDAwfSwic2NoZW1hX3ZlcnNpb24iOiIxIn0=",
          "dependencies": [
            "aws_vpc.terraform-vpc"
          ]
        }
      ]
    },
    {
      "mode": "managed",
      "type": "aws_subnet",
      "name": "private-subnet-1",
      "provider": "provider.aws",
      "instances": [
        {
          "schema_version": 1,
          "attributes": {
            "arn": "arn:aws:ec2:eu-west-1:993633129639:subnet/subnet-0bc9f22d11ba21601",
            "assign_ipv6_address_on_creation": false,
            "availability_zone": "eu-west-1a",
            "availability_zone_id": "euw1-az2",
            "cidr_block": "10.0.4.0/24",
            "id": "subnet-0bc9f22d11ba21601",
            "ipv6_cidr_block": "",
            "ipv6_cidr_block_association_id": "",
            "map_public_ip_on_launch": false,
            "outpost_arn": "",
            "owner_id": "993633129639",
            "tags": {
              "Name": "private-subnet-1"
            },
            "timeouts": null,
            "vpc_id": "vpc-0f162752ee2911b30"
          },
          "private": "eyJlMmJmYjczMC1lY2FhLTExZTYtOGY4OC0zNDM2M2JjN2M0YzAiOnsiY3JlYXRlIjo2MDAwMDAwMDAwMDAsImRlbGV0ZSI6MTIwMDAwMDAwMDAwMH0sInNjaGVtYV92ZXJzaW9uIjoiMSJ9",
          "dependencies": [
            "aws_vpc.terraform-vpc"
          ]
        }
      ]
    },
    {
      "mode": "managed",
      "type": "aws_subnet",
      "name": "private-subnet-2",
      "provider": "provider.aws",
      "instances": [
        {
          "schema_version": 1,
          "attributes": {
            "arn": "arn:aws:ec2:eu-west-1:993633129639:subnet/subnet-0442ee4aeb636e592",
            "assign_ipv6_address_on_creation": false,
            "availability_zone": "eu-west-1b",
            "availability_zone_id": "euw1-az3",
            "cidr_block": "10.0.5.0/24",
            "id": "subnet-0442ee4aeb636e592",
            "ipv6_cidr_block": "",
            "ipv6_cidr_block_association_id": "",
            "map_public_ip_on_launch": false,
            "outpost_arn": "",
            "owner_id": "993633129639",
            "tags": {
              "Name": "private-subnet-2"
            },
            "timeouts": null,
            "vpc_id": "vpc-0f162752ee2911b30"
          },
          "private": "eyJlMmJmYjczMC1lY2FhLTExZTYtOGY4OC0zNDM2M2JjN2M0YzAiOnsiY3JlYXRlIjo2MDAwMDAwMDAwMDAsImRlbGV0ZSI6MTIwMDAwMDAwMDAwMH0sInNjaGVtYV92ZXJzaW9uIjoiMSJ9",
          "dependencies": [
            "aws_vpc.terraform-vpc"
          ]
        }
      ]
    },
    {
      "mode": "managed",
      "type": "aws_subnet",
      "name": "private-subnet-3",
      "provider": "provider.aws",
      "instances": [
        {
          "schema_version": 1,
          "attributes": {
            "arn": "arn:aws:ec2:eu-west-1:993633129639:subnet/subnet-0361ea28fe443c7d3",
            "assign_ipv6_address_on_creation": false,
            "availability_zone": "eu-west-1c",
            "availability_zone_id": "euw1-az1",
            "cidr_block": "10.0.6.0/24",
            "id": "subnet-0361ea28fe443c7d3",
            "ipv6_cidr_block": "",
            "ipv6_cidr_block_association_id": "",
            "map_public_ip_on_launch": false,
            "outpost_arn": "",
            "owner_id": "993633129639",
            "tags": {
              "Name": "private-subnet-3"
            },
            "timeouts": null,
            "vpc_id": "vpc-0f162752ee2911b30"
          },
          "private": "eyJlMmJmYjczMC1lY2FhLTExZTYtOGY4OC0zNDM2M2JjN2M0YzAiOnsiY3JlYXRlIjo2MDAwMDAwMDAwMDAsImRlbGV0ZSI6MTIwMDAwMDAwMDAwMH0sInNjaGVtYV92ZXJzaW9uIjoiMSJ9",
          "dependencies": [
            "aws_vpc.terraform-vpc"
          ]
        }
      ]
    },
    {
      "mode": "managed",
      "type": "aws_subnet",
      "name": "public-subnet-1",
      "provider": "provider.aws",
      "instances": [
        {
          "schema_version": 1,
          "attributes": {
            "arn": "arn:aws:ec2:eu-west-1:993633129639:subnet/subnet-0b35e5e4a13bebf9d",
            "assign_ipv6_address_on_creation": false,
            "availability_zone": "eu-west-1a",
            "availability_zone_id": "euw1-az2",
            "cidr_block": "10.0.1.0/24",
            "id": "subnet-0b35e5e4a13bebf9d",
            "ipv6_cidr_block": "",
            "ipv6_cidr_block_association_id": "",
            "map_public_ip_on_launch": true,
            "outpost_arn": "",
            "owner_id": "993633129639",
            "tags": {
              "Name": "public-subnet-1"
            },
            "timeouts": null,
            "vpc_id": "vpc-0f162752ee2911b30"
          },
          "private": "eyJlMmJmYjczMC1lY2FhLTExZTYtOGY4OC0zNDM2M2JjN2M0YzAiOnsiY3JlYXRlIjo2MDAwMDAwMDAwMDAsImRlbGV0ZSI6MTIwMDAwMDAwMDAwMH0sInNjaGVtYV92ZXJzaW9uIjoiMSJ9",
          "dependencies": [
            "aws_vpc.terraform-vpc"
          ]
        }
      ]
    },
    {
      "mode": "managed",
      "type": "aws_subnet",
      "name": "public-subnet-2",
      "provider": "provider.aws",
      "instances": [
        {
          "schema_version": 1,
          "attributes": {
            "arn": "arn:aws:ec2:eu-west-1:993633129639:subnet/subnet-0a87ab6ecbaaa7720",
            "assign_ipv6_address_on_creation": false,
            "availability_zone": "eu-west-1b",
            "availability_zone_id": "euw1-az3",
            "cidr_block": "10.0.2.0/24",
            "id": "subnet-0a87ab6ecbaaa7720",
            "ipv6_cidr_block": "",
            "ipv6_cidr_block_association_id": "",
            "map_public_ip_on_launch": true,
            "outpost_arn": "",
            "owner_id": "993633129639",
            "tags": {
              "Name": "public-subnet-2"
            },
            "timeouts": null,
            "vpc_id": "vpc-0f162752ee2911b30"
          },
          "private": "eyJlMmJmYjczMC1lY2FhLTExZTYtOGY4OC0zNDM2M2JjN2M0YzAiOnsiY3JlYXRlIjo2MDAwMDAwMDAwMDAsImRlbGV0ZSI6MTIwMDAwMDAwMDAwMH0sInNjaGVtYV92ZXJzaW9uIjoiMSJ9",
          "dependencies": [
            "aws_vpc.terraform-vpc"
          ]
        }
      ]
    },
    {
      "mode": "managed",
      "type": "aws_subnet",
      "name": "public-subnet-3",
      "provider": "provider.aws",
      "instances": [
        {
          "schema_version": 1,
          "attributes": {
            "arn": "arn:aws:ec2:eu-west-1:993633129639:subnet/subnet-0d5814e3eb67099a6",
            "assign_ipv6_address_on_creation": false,
            "availability_zone": "eu-west-1c",
            "availability_zone_id": "euw1-az1",
            "cidr_block": "10.0.3.0/24",
            "id": "subnet-0d5814e3eb67099a6",
            "ipv6_cidr_block": "",
            "ipv6_cidr_block_association_id": "",
            "map_public_ip_on_launch": true,
            "outpost_arn": "",
            "owner_id": "993633129639",
            "tags": {
              "Name": "public-subnet-3"
            },
            "timeouts": null,
            "vpc_id": "vpc-0f162752ee2911b30"
          },
          "private": "eyJlMmJmYjczMC1lY2FhLTExZTYtOGY4OC0zNDM2M2JjN2M0YzAiOnsiY3JlYXRlIjo2MDAwMDAwMDAwMDAsImRlbGV0ZSI6MTIwMDAwMDAwMDAwMH0sInNjaGVtYV92ZXJzaW9uIjoiMSJ9",
          "dependencies": [
            "aws_vpc.terraform-vpc"
          ]
        }
      ]
    },
    {
      "mode": "managed",
      "type": "aws_vpc",
      "name": "terraform-vpc",
      "provider": "provider.aws",
      "instances": [
        {
          "schema_version": 1,
          "attributes": {
            "arn": "arn:aws:ec2:eu-west-1:993633129639:vpc/vpc-0f162752ee2911b30",
            "assign_generated_ipv6_cidr_block": false,
            "cidr_block": "10.0.0.0/16",
            "default_network_acl_id": "acl-0989b8aaf9d6d7bc4",
            "default_route_table_id": "rtb-041d2812d9c2a1712",
            "default_security_group_id": "sg-0ade7622e43b9bc64",
            "dhcp_options_id": "dopt-380f285e",
            "enable_classiclink": false,
            "enable_classiclink_dns_support": false,
            "enable_dns_hostnames": true,
            "enable_dns_support": true,
            "id": "vpc-0f162752ee2911b30",
            "instance_tenancy": "default",
            "ipv6_association_id": "",
            "ipv6_cidr_block": "",
            "main_route_table_id": "rtb-041d2812d9c2a1712",
            "owner_id": "993633129639",
            "tags": {
              "Name": "terraform-vpc"
            }
          },
          "private": "eyJzY2hlbWFfdmVyc2lvbiI6IjEifQ=="
        }
      ]
    }
  ]
}
